
Microsoft Visual Studio Solution File, Format Version 12.00
# Visual Studio Version 16
VisualStudioVersion = 16.0.29613.14
MinimumVisualStudioVersion = 10.0.40219.1
Project("{FAE04EC0-301F-11D3-BF4B-00C04F79EFBC}") = "01.01.20_Homework_BlogLesson_34_OrdersManagmentSytem_", "01.01.20_Homework_BlogLesson_34_OrdersManagmentSytem_\01.01.20_Homework_BlogLesson_34_OrdersManagmentSytem_.csproj", "{CBAB6613-2766-4F29-9D63-A7C90127F14B}"
EndProject
Global
	GlobalSection(SolutionConfigurationPlatforms) = preSolution
		Debug|Any CPU = Debug|Any CPU
		Release|Any CPU = Release|Any CPU
	EndGlobalSection
	GlobalSection(ProjectConfigurationPlatforms) = postSolution
		{CBAB6613-2766-4F29-9D63-A7C90127F14B}.Debug|Any CPU.ActiveCfg = Debug|Any CPU
		{CBAB6613-2766-4F29-9D63-A7C90127F14B}.Debug|Any CPU.Build.0 = Debug|Any CPU
		{CBAB6613-2766-4F29-9D63-A7C90127F14B}.Release|Any CPU.ActiveCfg = Release|Any CPU
		{CBAB6613-2766-4F29-9D63-A7C90127F14B}.Release|Any CPU.Build.0 = Release|Any CPU
	EndGlobalSection
	GlobalSection(SolutionProperties) = preSolution
		HideSolutionNode = FALSE
	EndGlobalSection
	GlobalSection(ExtensibilityGlobals) = postSolution
		SolutionGuid = {A857353D-215F-442B-952A-13CE337BE38D}
	EndGlobalSection
EndGlobal
